// !$*UTF8*$!
{
	archiveVersion = 1;
	classes = {
	};
	objectVersion = 56;
	objects = {

/* Begin PBXBuildFile section */
		864F444D29BAAE98009682B9 /* AddDemandView.swift in Sources */ = {isa = PBXBuildFile; fileRef = 864F444C29BAAE97009682B9 /* AddDemandView.swift */; };
		864F444E29BAAE98009682B9 /* AddDemandView.swift in Sources */ = {isa = PBXBuildFile; fileRef = 864F444C29BAAE97009682B9 /* AddDemandView.swift */; };
		864F445029BAAEC6009682B9 /* DemandType.swift in Sources */ = {isa = PBXBuildFile; fileRef = 864F444F29BAAEC6009682B9 /* DemandType.swift */; };
		864F445129BAAEC6009682B9 /* DemandType.swift in Sources */ = {isa = PBXBuildFile; fileRef = 864F444F29BAAEC6009682B9 /* DemandType.swift */; };
		864F445329BAC4AB009682B9 /* AddMemberView.swift in Sources */ = {isa = PBXBuildFile; fileRef = 864F445229BAC4AB009682B9 /* AddMemberView.swift */; };
		864F445429BAC4AB009682B9 /* AddMemberView.swift in Sources */ = {isa = PBXBuildFile; fileRef = 864F445229BAC4AB009682B9 /* AddMemberView.swift */; };
		864F445629BAC54C009682B9 /* HouseBlockView.swift in Sources */ = {isa = PBXBuildFile; fileRef = 864F445529BAC54C009682B9 /* HouseBlockView.swift */; };
		864F445729BAC54C009682B9 /* HouseBlockView.swift in Sources */ = {isa = PBXBuildFile; fileRef = 864F445529BAC54C009682B9 /* HouseBlockView.swift */; };
		864F445D29BAC5BD009682B9 /* UIViewControllerRepresentable.swift in Sources */ = {isa = PBXBuildFile; fileRef = 864F445829BAC5BD009682B9 /* UIViewControllerRepresentable.swift */; };
		864F445E29BAC5BD009682B9 /* Color.swift in Sources */ = {isa = PBXBuildFile; fileRef = 864F445929BAC5BD009682B9 /* Color.swift */; };
		864F445F29BAC5BD009682B9 /* SIMD3.swift in Sources */ = {isa = PBXBuildFile; fileRef = 864F445A29BAC5BD009682B9 /* SIMD3.swift */; };
		864F446029BAC5BD009682B9 /* BlurView.swift in Sources */ = {isa = PBXBuildFile; fileRef = 864F445B29BAC5BD009682B9 /* BlurView.swift */; };
		864F446129BAC5BD009682B9 /* Hashable.swift in Sources */ = {isa = PBXBuildFile; fileRef = 864F445C29BAC5BD009682B9 /* Hashable.swift */; };
		8650FF3F29B825E500DDACB3 /* AngryMamaDemandsApp.swift in Sources */ = {isa = PBXBuildFile; fileRef = 8650FF3E29B825E500DDACB3 /* AngryMamaDemandsApp.swift */; };
		8650FF4129B825E500DDACB3 /* ContentView.swift in Sources */ = {isa = PBXBuildFile; fileRef = 8650FF4029B825E500DDACB3 /* ContentView.swift */; };
		8650FF4329B825E600DDACB3 /* Assets.xcassets in Resources */ = {isa = PBXBuildFile; fileRef = 8650FF4229B825E600DDACB3 /* Assets.xcassets */; };
		8650FF4629B825E600DDACB3 /* Preview Assets.xcassets in Resources */ = {isa = PBXBuildFile; fileRef = 8650FF4529B825E600DDACB3 /* Preview Assets.xcassets */; };
		8650FF4829B825E600DDACB3 /* Persistence.swift in Sources */ = {isa = PBXBuildFile; fileRef = 8650FF4729B825E600DDACB3 /* Persistence.swift */; };
		8650FF4B29B825E600DDACB3 /* AngryMamaDemands.xcdatamodeld in Sources */ = {isa = PBXBuildFile; fileRef = 8650FF4929B825E600DDACB3 /* AngryMamaDemands.xcdatamodeld */; };
		8650FF5629B825E600DDACB3 /* AngryMamaDemandsTests.swift in Sources */ = {isa = PBXBuildFile; fileRef = 8650FF5529B825E600DDACB3 /* AngryMamaDemandsTests.swift */; };
		8650FF6029B825E600DDACB3 /* AngryMamaDemandsUITests.swift in Sources */ = {isa = PBXBuildFile; fileRef = 8650FF5F29B825E600DDACB3 /* AngryMamaDemandsUITests.swift */; };
		8650FF6229B825E600DDACB3 /* AngryMamaDemandsUITestsLaunchTests.swift in Sources */ = {isa = PBXBuildFile; fileRef = 8650FF6129B825E600DDACB3 /* AngryMamaDemandsUITestsLaunchTests.swift */; };
		8685271329BAD843006AFD16 /* DetailHouseView.swift in Sources */ = {isa = PBXBuildFile; fileRef = 8685271229BAD843006AFD16 /* DetailHouseView.swift */; };
		86996D2E29BBDBFF00222C11 /* AddHouseViewModel.swift in Sources */ = {isa = PBXBuildFile; fileRef = 86B41E3E29BBCA22006E0832 /* AddHouseViewModel.swift */; };
		86996D2F29BBDC0200222C11 /* AddHouseViewModel.swift in Sources */ = {isa = PBXBuildFile; fileRef = 86B41E3E29BBCA22006E0832 /* AddHouseViewModel.swift */; };
		86996D3129BBDC5E00222C11 /* AddDemandViewModel.swift in Sources */ = {isa = PBXBuildFile; fileRef = 86996D3029BBDC5E00222C11 /* AddDemandViewModel.swift */; };
		86996D3229BBDC5E00222C11 /* AddDemandViewModel.swift in Sources */ = {isa = PBXBuildFile; fileRef = 86996D3029BBDC5E00222C11 /* AddDemandViewModel.swift */; };
		86996D3429BBDC8200222C11 /* DemandViewModel.swift in Sources */ = {isa = PBXBuildFile; fileRef = 86996D3329BBDC8200222C11 /* DemandViewModel.swift */; };
		86996D3529BBDC8200222C11 /* DemandViewModel.swift in Sources */ = {isa = PBXBuildFile; fileRef = 86996D3329BBDC8200222C11 /* DemandViewModel.swift */; };
		86996D3829BBE46100222C11 /* CheckboxToggleStyle.swift in Sources */ = {isa = PBXBuildFile; fileRef = 86996D3729BBE46100222C11 /* CheckboxToggleStyle.swift */; };
		86996D3929BBE46100222C11 /* CheckboxToggleStyle.swift in Sources */ = {isa = PBXBuildFile; fileRef = 86996D3729BBE46100222C11 /* CheckboxToggleStyle.swift */; };
		86996D3E29BC04A200222C11 /* InstructionViewModel.swift in Sources */ = {isa = PBXBuildFile; fileRef = 86996D3D29BC04A200222C11 /* InstructionViewModel.swift */; };
		86996D3F29BC04A200222C11 /* InstructionViewModel.swift in Sources */ = {isa = PBXBuildFile; fileRef = 86996D3D29BC04A200222C11 /* InstructionViewModel.swift */; };
		86996D4129BC053500222C11 /* AddInstructionView.swift in Sources */ = {isa = PBXBuildFile; fileRef = 86996D4029BC053500222C11 /* AddInstructionView.swift */; };
		86996D4229BC053500222C11 /* AddInstructionView.swift in Sources */ = {isa = PBXBuildFile; fileRef = 86996D4029BC053500222C11 /* AddInstructionView.swift */; };
		86996D4429BC057700222C11 /* AddInstructionViewModel.swift in Sources */ = {isa = PBXBuildFile; fileRef = 86996D4329BC057700222C11 /* AddInstructionViewModel.swift */; };
		86996D4529BC057700222C11 /* AddInstructionViewModel.swift in Sources */ = {isa = PBXBuildFile; fileRef = 86996D4329BC057700222C11 /* AddInstructionViewModel.swift */; };
		86B41E3429BBC745006E0832 /* MemberViewModel.swift in Sources */ = {isa = PBXBuildFile; fileRef = 86B41E3329BBC745006E0832 /* MemberViewModel.swift */; };
		86B41E3529BBC745006E0832 /* MemberViewModel.swift in Sources */ = {isa = PBXBuildFile; fileRef = 86B41E3329BBC745006E0832 /* MemberViewModel.swift */; };
		86B41E3729BBC788006E0832 /* HouseViewModel.swift in Sources */ = {isa = PBXBuildFile; fileRef = 86B41E3629BBC788006E0832 /* HouseViewModel.swift */; };
		86B41E3829BBC788006E0832 /* HouseViewModel.swift in Sources */ = {isa = PBXBuildFile; fileRef = 86B41E3629BBC788006E0832 /* HouseViewModel.swift */; };
		86B41E3A29BBC93C006E0832 /* ViewModel.swift in Sources */ = {isa = PBXBuildFile; fileRef = 86B41E3929BBC93C006E0832 /* ViewModel.swift */; };
		86B41E3B29BBC93C006E0832 /* ViewModel.swift in Sources */ = {isa = PBXBuildFile; fileRef = 86B41E3929BBC93C006E0832 /* ViewModel.swift */; };
		86B41E4029BBCB63006E0832 /* AddMemberViewModel.swift in Sources */ = {isa = PBXBuildFile; fileRef = 86B41E3F29BBCB63006E0832 /* AddMemberViewModel.swift */; };
		86B41E4129BBCB63006E0832 /* AddMemberViewModel.swift in Sources */ = {isa = PBXBuildFile; fileRef = 86B41E3F29BBCB63006E0832 /* AddMemberViewModel.swift */; };
		86B5AA2A29B934F400FFA546 /* AppDelegate.swift in Sources */ = {isa = PBXBuildFile; fileRef = 86B5AA2929B934F400FFA546 /* AppDelegate.swift */; };
		86B5AA2B29B934F400FFA546 /* AppDelegate.swift in Sources */ = {isa = PBXBuildFile; fileRef = 86B5AA2929B934F400FFA546 /* AppDelegate.swift */; };
		86B5AA2D29B935DF00FFA546 /* CoreDataStack.swift in Sources */ = {isa = PBXBuildFile; fileRef = 86B5AA2C29B935DF00FFA546 /* CoreDataStack.swift */; };
		86B5AA2E29B935DF00FFA546 /* CoreDataStack.swift in Sources */ = {isa = PBXBuildFile; fileRef = 86B5AA2C29B935DF00FFA546 /* CoreDataStack.swift */; };
		86B5AA3129B9360B00FFA546 /* Constant.swift in Sources */ = {isa = PBXBuildFile; fileRef = 86B5AA3029B9360B00FFA546 /* Constant.swift */; };
		86B5AA3229B9360B00FFA546 /* Constant.swift in Sources */ = {isa = PBXBuildFile; fileRef = 86B5AA3029B9360B00FFA546 /* Constant.swift */; };
		86B5AA3729BAA21000FFA546 /* AddHouseView.swift in Sources */ = {isa = PBXBuildFile; fileRef = 86B5AA3629BAA21000FFA546 /* AddHouseView.swift */; };
		86B5AA3829BAA21000FFA546 /* AddHouseView.swift in Sources */ = {isa = PBXBuildFile; fileRef = 86B5AA3629BAA21000FFA546 /* AddHouseView.swift */; };
/* End PBXBuildFile section */

/* Begin PBXContainerItemProxy section */
		8650FF5229B825E600DDACB3 /* PBXContainerItemProxy */ = {
			isa = PBXContainerItemProxy;
			containerPortal = 8650FF3329B825E500DDACB3 /* Project object */;
			proxyType = 1;
			remoteGlobalIDString = 8650FF3A29B825E500DDACB3;
			remoteInfo = AngryMamaDemands;
		};
		8650FF5C29B825E600DDACB3 /* PBXContainerItemProxy */ = {
			isa = PBXContainerItemProxy;
			containerPortal = 8650FF3329B825E500DDACB3 /* Project object */;
			proxyType = 1;
			remoteGlobalIDString = 8650FF3A29B825E500DDACB3;
			remoteInfo = AngryMamaDemands;
		};
/* End PBXContainerItemProxy section */

/* Begin PBXFileReference section */
		864F444C29BAAE97009682B9 /* AddDemandView.swift */ = {isa = PBXFileReference; lastKnownFileType = sourcecode.swift; path = AddDemandView.swift; sourceTree = "<group>"; };
		864F444F29BAAEC6009682B9 /* DemandType.swift */ = {isa = PBXFileReference; lastKnownFileType = sourcecode.swift; path = DemandType.swift; sourceTree = "<group>"; };
		864F445229BAC4AB009682B9 /* AddMemberView.swift */ = {isa = PBXFileReference; lastKnownFileType = sourcecode.swift; path = AddMemberView.swift; sourceTree = "<group>"; };
		864F445529BAC54C009682B9 /* HouseBlockView.swift */ = {isa = PBXFileReference; lastKnownFileType = sourcecode.swift; path = HouseBlockView.swift; sourceTree = "<group>"; };
		864F445829BAC5BD009682B9 /* UIViewControllerRepresentable.swift */ = {isa = PBXFileReference; fileEncoding = 4; lastKnownFileType = sourcecode.swift; path = UIViewControllerRepresentable.swift; sourceTree = "<group>"; };
		864F445929BAC5BD009682B9 /* Color.swift */ = {isa = PBXFileReference; fileEncoding = 4; lastKnownFileType = sourcecode.swift; path = Color.swift; sourceTree = "<group>"; };
		864F445A29BAC5BD009682B9 /* SIMD3.swift */ = {isa = PBXFileReference; fileEncoding = 4; lastKnownFileType = sourcecode.swift; path = SIMD3.swift; sourceTree = "<group>"; };
		864F445B29BAC5BD009682B9 /* BlurView.swift */ = {isa = PBXFileReference; fileEncoding = 4; lastKnownFileType = sourcecode.swift; path = BlurView.swift; sourceTree = "<group>"; };
		864F445C29BAC5BD009682B9 /* Hashable.swift */ = {isa = PBXFileReference; fileEncoding = 4; lastKnownFileType = sourcecode.swift; path = Hashable.swift; sourceTree = "<group>"; };
		8650FF3B29B825E500DDACB3 /* AngryMamaDemands.app */ = {isa = PBXFileReference; explicitFileType = wrapper.application; includeInIndex = 0; path = AngryMamaDemands.app; sourceTree = BUILT_PRODUCTS_DIR; };
		8650FF3E29B825E500DDACB3 /* AngryMamaDemandsApp.swift */ = {isa = PBXFileReference; lastKnownFileType = sourcecode.swift; path = AngryMamaDemandsApp.swift; sourceTree = "<group>"; };
		8650FF4029B825E500DDACB3 /* ContentView.swift */ = {isa = PBXFileReference; lastKnownFileType = sourcecode.swift; path = ContentView.swift; sourceTree = "<group>"; };
		8650FF4229B825E600DDACB3 /* Assets.xcassets */ = {isa = PBXFileReference; lastKnownFileType = folder.assetcatalog; path = Assets.xcassets; sourceTree = "<group>"; };
		8650FF4529B825E600DDACB3 /* Preview Assets.xcassets */ = {isa = PBXFileReference; lastKnownFileType = folder.assetcatalog; path = "Preview Assets.xcassets"; sourceTree = "<group>"; };
		8650FF4729B825E600DDACB3 /* Persistence.swift */ = {isa = PBXFileReference; lastKnownFileType = sourcecode.swift; path = Persistence.swift; sourceTree = "<group>"; };
		8650FF4A29B825E600DDACB3 /* AngryMamaDemands.xcdatamodel */ = {isa = PBXFileReference; lastKnownFileType = wrapper.xcdatamodel; path = AngryMamaDemands.xcdatamodel; sourceTree = "<group>"; };
		8650FF4C29B825E600DDACB3 /* Info.plist */ = {isa = PBXFileReference; lastKnownFileType = text.plist.xml; path = Info.plist; sourceTree = "<group>"; };
		8650FF5129B825E600DDACB3 /* AngryMamaDemandsTests.xctest */ = {isa = PBXFileReference; explicitFileType = wrapper.cfbundle; includeInIndex = 0; path = AngryMamaDemandsTests.xctest; sourceTree = BUILT_PRODUCTS_DIR; };
		8650FF5529B825E600DDACB3 /* AngryMamaDemandsTests.swift */ = {isa = PBXFileReference; lastKnownFileType = sourcecode.swift; path = AngryMamaDemandsTests.swift; sourceTree = "<group>"; };
		8650FF5B29B825E600DDACB3 /* AngryMamaDemandsUITests.xctest */ = {isa = PBXFileReference; explicitFileType = wrapper.cfbundle; includeInIndex = 0; path = AngryMamaDemandsUITests.xctest; sourceTree = BUILT_PRODUCTS_DIR; };
		8650FF5F29B825E600DDACB3 /* AngryMamaDemandsUITests.swift */ = {isa = PBXFileReference; lastKnownFileType = sourcecode.swift; path = AngryMamaDemandsUITests.swift; sourceTree = "<group>"; };
		8650FF6129B825E600DDACB3 /* AngryMamaDemandsUITestsLaunchTests.swift */ = {isa = PBXFileReference; lastKnownFileType = sourcecode.swift; path = AngryMamaDemandsUITestsLaunchTests.swift; sourceTree = "<group>"; };
		8685271229BAD843006AFD16 /* DetailHouseView.swift */ = {isa = PBXFileReference; lastKnownFileType = sourcecode.swift; path = DetailHouseView.swift; sourceTree = "<group>"; };
		86996D3029BBDC5E00222C11 /* AddDemandViewModel.swift */ = {isa = PBXFileReference; lastKnownFileType = sourcecode.swift; path = AddDemandViewModel.swift; sourceTree = "<group>"; };
		86996D3329BBDC8200222C11 /* DemandViewModel.swift */ = {isa = PBXFileReference; lastKnownFileType = sourcecode.swift; path = DemandViewModel.swift; sourceTree = "<group>"; };
		86996D3729BBE46100222C11 /* CheckboxToggleStyle.swift */ = {isa = PBXFileReference; lastKnownFileType = sourcecode.swift; path = CheckboxToggleStyle.swift; sourceTree = "<group>"; };
		86996D3D29BC04A200222C11 /* InstructionViewModel.swift */ = {isa = PBXFileReference; lastKnownFileType = sourcecode.swift; path = InstructionViewModel.swift; sourceTree = "<group>"; };
		86996D4029BC053500222C11 /* AddInstructionView.swift */ = {isa = PBXFileReference; lastKnownFileType = sourcecode.swift; path = AddInstructionView.swift; sourceTree = "<group>"; };
		86996D4329BC057700222C11 /* AddInstructionViewModel.swift */ = {isa = PBXFileReference; lastKnownFileType = sourcecode.swift; path = AddInstructionViewModel.swift; sourceTree = "<group>"; };
		86B41E3329BBC745006E0832 /* MemberViewModel.swift */ = {isa = PBXFileReference; lastKnownFileType = sourcecode.swift; path = MemberViewModel.swift; sourceTree = "<group>"; };
		86B41E3629BBC788006E0832 /* HouseViewModel.swift */ = {isa = PBXFileReference; lastKnownFileType = sourcecode.swift; path = HouseViewModel.swift; sourceTree = "<group>"; };
		86B41E3929BBC93C006E0832 /* ViewModel.swift */ = {isa = PBXFileReference; lastKnownFileType = sourcecode.swift; path = ViewModel.swift; sourceTree = "<group>"; };
		86B41E3E29BBCA22006E0832 /* AddHouseViewModel.swift */ = {isa = PBXFileReference; lastKnownFileType = sourcecode.swift; path = AddHouseViewModel.swift; sourceTree = "<group>"; };
		86B41E3F29BBCB63006E0832 /* AddMemberViewModel.swift */ = {isa = PBXFileReference; lastKnownFileType = sourcecode.swift; path = AddMemberViewModel.swift; sourceTree = "<group>"; };
		86B5AA2829B8C9C000FFA546 /* AngryMamaDemands.entitlements */ = {isa = PBXFileReference; lastKnownFileType = text.plist.entitlements; path = AngryMamaDemands.entitlements; sourceTree = "<group>"; };
		86B5AA2929B934F400FFA546 /* AppDelegate.swift */ = {isa = PBXFileReference; lastKnownFileType = sourcecode.swift; path = AppDelegate.swift; sourceTree = "<group>"; };
		86B5AA2C29B935DF00FFA546 /* CoreDataStack.swift */ = {isa = PBXFileReference; lastKnownFileType = sourcecode.swift; path = CoreDataStack.swift; sourceTree = "<group>"; };
		86B5AA3029B9360B00FFA546 /* Constant.swift */ = {isa = PBXFileReference; lastKnownFileType = sourcecode.swift; path = Constant.swift; sourceTree = "<group>"; };
		86B5AA3629BAA21000FFA546 /* AddHouseView.swift */ = {isa = PBXFileReference; lastKnownFileType = sourcecode.swift; path = AddHouseView.swift; sourceTree = "<group>"; };
/* End PBXFileReference section */

/* Begin PBXFrameworksBuildPhase section */
		8650FF3829B825E500DDACB3 /* Frameworks */ = {
			isa = PBXFrameworksBuildPhase;
			buildActionMask = 2147483647;
			files = (
			);
			runOnlyForDeploymentPostprocessing = 0;
		};
		8650FF4E29B825E600DDACB3 /* Frameworks */ = {
			isa = PBXFrameworksBuildPhase;
			buildActionMask = 2147483647;
			files = (
			);
			runOnlyForDeploymentPostprocessing = 0;
		};
		8650FF5829B825E600DDACB3 /* Frameworks */ = {
			isa = PBXFrameworksBuildPhase;
			buildActionMask = 2147483647;
			files = (
			);
			runOnlyForDeploymentPostprocessing = 0;
		};
/* End PBXFrameworksBuildPhase section */

/* Begin PBXGroup section */
		864F446229BAC5C8009682B9 /* extension */ = {
			isa = PBXGroup;
			children = (
				864F445B29BAC5BD009682B9 /* BlurView.swift */,
				864F445929BAC5BD009682B9 /* Color.swift */,
				864F445C29BAC5BD009682B9 /* Hashable.swift */,
				864F445A29BAC5BD009682B9 /* SIMD3.swift */,
				864F445829BAC5BD009682B9 /* UIViewControllerRepresentable.swift */,
			);
			path = extension;
			sourceTree = "<group>";
		};
		864F446329BAC642009682B9 /* View */ = {
			isa = PBXGroup;
			children = (
				8650FF4029B825E500DDACB3 /* ContentView.swift */,
				864F445529BAC54C009682B9 /* HouseBlockView.swift */,
				86B41E4229BBD7B9006E0832 /* AddMember */,
				86B41E3D29BBCA22006E0832 /* AddHouse */,
				8685271229BAD843006AFD16 /* DetailHouseView.swift */,
				86996D4029BC053500222C11 /* AddInstructionView.swift */,
				86996D4329BC057700222C11 /* AddInstructionViewModel.swift */,
				86B41E4329BBDB3A006E0832 /* AddDemand */,
			);
			path = View;
			sourceTree = "<group>";
		};
		8650FF3229B825E500DDACB3 = {
			isa = PBXGroup;
			children = (
				8650FF3D29B825E500DDACB3 /* AngryMamaDemands */,
				8650FF5429B825E600DDACB3 /* AngryMamaDemandsTests */,
				8650FF5E29B825E600DDACB3 /* AngryMamaDemandsUITests */,
				8650FF3C29B825E500DDACB3 /* Products */,
			);
			sourceTree = "<group>";
		};
		8650FF3C29B825E500DDACB3 /* Products */ = {
			isa = PBXGroup;
			children = (
				8650FF3B29B825E500DDACB3 /* AngryMamaDemands.app */,
				8650FF5129B825E600DDACB3 /* AngryMamaDemandsTests.xctest */,
				8650FF5B29B825E600DDACB3 /* AngryMamaDemandsUITests.xctest */,
			);
			name = Products;
			sourceTree = "<group>";
		};
		8650FF3D29B825E500DDACB3 /* AngryMamaDemands */ = {
			isa = PBXGroup;
			children = (
				86B5AA2829B8C9C000FFA546 /* AngryMamaDemands.entitlements */,
				8650FF3E29B825E500DDACB3 /* AngryMamaDemandsApp.swift */,
				86996D3629BBE43E00222C11 /* TemporaryMemory */,
				864F446229BAC5C8009682B9 /* extension */,
				86B5AA2F29B935FF00FFA546 /* Helper */,
				86B41E3C29BBC9FD006E0832 /* BareboneVM */,
				864F446329BAC642009682B9 /* View */,
				864F444F29BAAEC6009682B9 /* DemandType.swift */,
				86B5AA2929B934F400FFA546 /* AppDelegate.swift */,
				8650FF4229B825E600DDACB3 /* Assets.xcassets */,
				8650FF4C29B825E600DDACB3 /* Info.plist */,
				8650FF4929B825E600DDACB3 /* AngryMamaDemands.xcdatamodeld */,
				8650FF4429B825E600DDACB3 /* Preview Content */,
			);
			path = AngryMamaDemands;
			sourceTree = "<group>";
		};
		8650FF4429B825E600DDACB3 /* Preview Content */ = {
			isa = PBXGroup;
			children = (
				8650FF4529B825E600DDACB3 /* Preview Assets.xcassets */,
			);
			path = "Preview Content";
			sourceTree = "<group>";
		};
		8650FF5429B825E600DDACB3 /* AngryMamaDemandsTests */ = {
			isa = PBXGroup;
			children = (
				8650FF5529B825E600DDACB3 /* AngryMamaDemandsTests.swift */,
			);
			path = AngryMamaDemandsTests;
			sourceTree = "<group>";
		};
		8650FF5E29B825E600DDACB3 /* AngryMamaDemandsUITests */ = {
			isa = PBXGroup;
			children = (
				8650FF5F29B825E600DDACB3 /* AngryMamaDemandsUITests.swift */,
				8650FF6129B825E600DDACB3 /* AngryMamaDemandsUITestsLaunchTests.swift */,
			);
			path = AngryMamaDemandsUITests;
			sourceTree = "<group>";
		};
		86996D3629BBE43E00222C11 /* TemporaryMemory */ = {
			isa = PBXGroup;
			children = (
				86996D3729BBE46100222C11 /* CheckboxToggleStyle.swift */,
			);
			path = TemporaryMemory;
			sourceTree = "<group>";
		};
		86B41E3C29BBC9FD006E0832 /* BareboneVM */ = {
			isa = PBXGroup;
			children = (
				86B41E3929BBC93C006E0832 /* ViewModel.swift */,
				86996D3D29BC04A200222C11 /* InstructionViewModel.swift */,
				86B41E3629BBC788006E0832 /* HouseViewModel.swift */,
				86B41E3329BBC745006E0832 /* MemberViewModel.swift */,
				86996D3329BBDC8200222C11 /* DemandViewModel.swift */,
			);
			path = BareboneVM;
			sourceTree = "<group>";
		};
		86B41E3D29BBCA22006E0832 /* AddHouse */ = {
			isa = PBXGroup;
			children = (
				86B5AA3629BAA21000FFA546 /* AddHouseView.swift */,
				86B41E3E29BBCA22006E0832 /* AddHouseViewModel.swift */,
			);
			path = AddHouse;
			sourceTree = "<group>";
		};
		86B41E4229BBD7B9006E0832 /* AddMember */ = {
			isa = PBXGroup;
			children = (
				864F445229BAC4AB009682B9 /* AddMemberView.swift */,
				86B41E3F29BBCB63006E0832 /* AddMemberViewModel.swift */,
			);
			path = AddMember;
			sourceTree = "<group>";
		};
		86B41E4329BBDB3A006E0832 /* AddDemand */ = {
			isa = PBXGroup;
			children = (
				864F444C29BAAE97009682B9 /* AddDemandView.swift */,
				86996D3029BBDC5E00222C11 /* AddDemandViewModel.swift */,
			);
			path = AddDemand;
			sourceTree = "<group>";
		};
		86B5AA2F29B935FF00FFA546 /* Helper */ = {
			isa = PBXGroup;
			children = (
				86B5AA2C29B935DF00FFA546 /* CoreDataStack.swift */,
				8650FF4729B825E600DDACB3 /* Persistence.swift */,
				86B5AA3029B9360B00FFA546 /* Constant.swift */,
			);
			path = Helper;
			sourceTree = "<group>";
		};
/* End PBXGroup section */

/* Begin PBXNativeTarget section */
		8650FF3A29B825E500DDACB3 /* AngryMamaDemands */ = {
			isa = PBXNativeTarget;
			buildConfigurationList = 8650FF6529B825E600DDACB3 /* Build configuration list for PBXNativeTarget "AngryMamaDemands" */;
			buildPhases = (
				8650FF3729B825E500DDACB3 /* Sources */,
				8650FF3829B825E500DDACB3 /* Frameworks */,
				8650FF3929B825E500DDACB3 /* Resources */,
			);
			buildRules = (
			);
			dependencies = (
			);
			name = AngryMamaDemands;
			productName = AngryMamaDemands;
			productReference = 8650FF3B29B825E500DDACB3 /* AngryMamaDemands.app */;
			productType = "com.apple.product-type.application";
		};
		8650FF5029B825E600DDACB3 /* AngryMamaDemandsTests */ = {
			isa = PBXNativeTarget;
			buildConfigurationList = 8650FF6829B825E600DDACB3 /* Build configuration list for PBXNativeTarget "AngryMamaDemandsTests" */;
			buildPhases = (
				8650FF4D29B825E600DDACB3 /* Sources */,
				8650FF4E29B825E600DDACB3 /* Frameworks */,
				8650FF4F29B825E600DDACB3 /* Resources */,
			);
			buildRules = (
			);
			dependencies = (
				8650FF5329B825E600DDACB3 /* PBXTargetDependency */,
			);
			name = AngryMamaDemandsTests;
			productName = AngryMamaDemandsTests;
			productReference = 8650FF5129B825E600DDACB3 /* AngryMamaDemandsTests.xctest */;
			productType = "com.apple.product-type.bundle.unit-test";
		};
		8650FF5A29B825E600DDACB3 /* AngryMamaDemandsUITests */ = {
			isa = PBXNativeTarget;
			buildConfigurationList = 8650FF6B29B825E600DDACB3 /* Build configuration list for PBXNativeTarget "AngryMamaDemandsUITests" */;
			buildPhases = (
				8650FF5729B825E600DDACB3 /* Sources */,
				8650FF5829B825E600DDACB3 /* Frameworks */,
				8650FF5929B825E600DDACB3 /* Resources */,
			);
			buildRules = (
			);
			dependencies = (
				8650FF5D29B825E600DDACB3 /* PBXTargetDependency */,
			);
			name = AngryMamaDemandsUITests;
			productName = AngryMamaDemandsUITests;
			productReference = 8650FF5B29B825E600DDACB3 /* AngryMamaDemandsUITests.xctest */;
			productType = "com.apple.product-type.bundle.ui-testing";
		};
/* End PBXNativeTarget section */

/* Begin PBXProject section */
		8650FF3329B825E500DDACB3 /* Project object */ = {
			isa = PBXProject;
			attributes = {
				BuildIndependentTargetsInParallel = 1;
				LastSwiftUpdateCheck = 1420;
				LastUpgradeCheck = 1420;
				TargetAttributes = {
					8650FF3A29B825E500DDACB3 = {
						CreatedOnToolsVersion = 14.2;
					};
					8650FF5029B825E600DDACB3 = {
						CreatedOnToolsVersion = 14.2;
						TestTargetID = 8650FF3A29B825E500DDACB3;
					};
					8650FF5A29B825E600DDACB3 = {
						CreatedOnToolsVersion = 14.2;
						TestTargetID = 8650FF3A29B825E500DDACB3;
					};
				};
			};
			buildConfigurationList = 8650FF3629B825E500DDACB3 /* Build configuration list for PBXProject "AngryMamaDemands" */;
			compatibilityVersion = "Xcode 14.0";
			developmentRegion = en;
			hasScannedForEncodings = 0;
			knownRegions = (
				en,
				Base,
			);
			mainGroup = 8650FF3229B825E500DDACB3;
			productRefGroup = 8650FF3C29B825E500DDACB3 /* Products */;
			projectDirPath = "";
			projectRoot = "";
			targets = (
				8650FF3A29B825E500DDACB3 /* AngryMamaDemands */,
				8650FF5029B825E600DDACB3 /* AngryMamaDemandsTests */,
				8650FF5A29B825E600DDACB3 /* AngryMamaDemandsUITests */,
			);
		};
/* End PBXProject section */

/* Begin PBXResourcesBuildPhase section */
		8650FF3929B825E500DDACB3 /* Resources */ = {
			isa = PBXResourcesBuildPhase;
			buildActionMask = 2147483647;
			files = (
				8650FF4629B825E600DDACB3 /* Preview Assets.xcassets in Resources */,
				8650FF4329B825E600DDACB3 /* Assets.xcassets in Resources */,
			);
			runOnlyForDeploymentPostprocessing = 0;
		};
		8650FF4F29B825E600DDACB3 /* Resources */ = {
			isa = PBXResourcesBuildPhase;
			buildActionMask = 2147483647;
			files = (
			);
			runOnlyForDeploymentPostprocessing = 0;
		};
		8650FF5929B825E600DDACB3 /* Resources */ = {
			isa = PBXResourcesBuildPhase;
			buildActionMask = 2147483647;
			files = (
			);
			runOnlyForDeploymentPostprocessing = 0;
		};
/* End PBXResourcesBuildPhase section */

/* Begin PBXSourcesBuildPhase section */
		8650FF3729B825E500DDACB3 /* Sources */ = {
			isa = PBXSourcesBuildPhase;
			buildActionMask = 2147483647;
			files = (
				86B41E3729BBC788006E0832 /* HouseViewModel.swift in Sources */,
				86B5AA3129B9360B00FFA546 /* Constant.swift in Sources */,
				864F446129BAC5BD009682B9 /* Hashable.swift in Sources */,
				864F445F29BAC5BD009682B9 /* SIMD3.swift in Sources */,
				864F445D29BAC5BD009682B9 /* UIViewControllerRepresentable.swift in Sources */,
				864F445629BAC54C009682B9 /* HouseBlockView.swift in Sources */,
				86B5AA3729BAA21000FFA546 /* AddHouseView.swift in Sources */,
				8650FF4829B825E600DDACB3 /* Persistence.swift in Sources */,
				86996D3429BBDC8200222C11 /* DemandViewModel.swift in Sources */,
				86996D4129BC053500222C11 /* AddInstructionView.swift in Sources */,
				8650FF4129B825E500DDACB3 /* ContentView.swift in Sources */,
				86996D2E29BBDBFF00222C11 /* AddHouseViewModel.swift in Sources */,
				86B41E3429BBC745006E0832 /* MemberViewModel.swift in Sources */,
				8650FF4B29B825E600DDACB3 /* AngryMamaDemands.xcdatamodeld in Sources */,
				864F445329BAC4AB009682B9 /* AddMemberView.swift in Sources */,
				864F446029BAC5BD009682B9 /* BlurView.swift in Sources */,
				86B41E3A29BBC93C006E0832 /* ViewModel.swift in Sources */,
				86B5AA2D29B935DF00FFA546 /* CoreDataStack.swift in Sources */,
				8685271329BAD843006AFD16 /* DetailHouseView.swift in Sources */,
				86996D3E29BC04A200222C11 /* InstructionViewModel.swift in Sources */,
				86996D3129BBDC5E00222C11 /* AddDemandViewModel.swift in Sources */,
				864F445E29BAC5BD009682B9 /* Color.swift in Sources */,
				86996D3829BBE46100222C11 /* CheckboxToggleStyle.swift in Sources */,
				86B41E4029BBCB63006E0832 /* AddMemberViewModel.swift in Sources */,
				864F444D29BAAE98009682B9 /* AddDemandView.swift in Sources */,
				86B5AA2A29B934F400FFA546 /* AppDelegate.swift in Sources */,
				864F445029BAAEC6009682B9 /* DemandType.swift in Sources */,
				8650FF3F29B825E500DDACB3 /* AngryMamaDemandsApp.swift in Sources */,
				86996D4429BC057700222C11 /* AddInstructionViewModel.swift in Sources */,
			);
			runOnlyForDeploymentPostprocessing = 0;
		};
		8650FF4D29B825E600DDACB3 /* Sources */ = {
			isa = PBXSourcesBuildPhase;
			buildActionMask = 2147483647;
			files = (
				86B41E4129BBCB63006E0832 /* AddMemberViewModel.swift in Sources */,
				864F445129BAAEC6009682B9 /* DemandType.swift in Sources */,
				86B41E3B29BBC93C006E0832 /* ViewModel.swift in Sources */,
				86B41E3529BBC745006E0832 /* MemberViewModel.swift in Sources */,
				86B5AA2E29B935DF00FFA546 /* CoreDataStack.swift in Sources */,
				86996D3529BBDC8200222C11 /* DemandViewModel.swift in Sources */,
				86B5AA2B29B934F400FFA546 /* AppDelegate.swift in Sources */,
				86996D3929BBE46100222C11 /* CheckboxToggleStyle.swift in Sources */,
				86996D3229BBDC5E00222C11 /* AddDemandViewModel.swift in Sources */,
				8650FF5629B825E600DDACB3 /* AngryMamaDemandsTests.swift in Sources */,
				86996D2F29BBDC0200222C11 /* AddHouseViewModel.swift in Sources */,
				86B5AA3229B9360B00FFA546 /* Constant.swift in Sources */,
				86B41E3829BBC788006E0832 /* HouseViewModel.swift in Sources */,
			);
			runOnlyForDeploymentPostprocessing = 0;
		};
		8650FF5729B825E600DDACB3 /* Sources */ = {
			isa = PBXSourcesBuildPhase;
			buildActionMask = 2147483647;
			files = (
				8650FF6029B825E600DDACB3 /* AngryMamaDemandsUITests.swift in Sources */,
				86996D4529BC057700222C11 /* AddInstructionViewModel.swift in Sources */,
				86996D4229BC053500222C11 /* AddInstructionView.swift in Sources */,
				864F445729BAC54C009682B9 /* HouseBlockView.swift in Sources */,
				864F445429BAC4AB009682B9 /* AddMemberView.swift in Sources */,
				86996D3F29BC04A200222C11 /* InstructionViewModel.swift in Sources */,
				86B5AA3829BAA21000FFA546 /* AddHouseView.swift in Sources */,
				8650FF6229B825E600DDACB3 /* AngryMamaDemandsUITestsLaunchTests.swift in Sources */,
				864F444E29BAAE98009682B9 /* AddDemandView.swift in Sources */,
			);
			runOnlyForDeploymentPostprocessing = 0;
		};
/* End PBXSourcesBuildPhase section */

/* Begin PBXTargetDependency section */
		8650FF5329B825E600DDACB3 /* PBXTargetDependency */ = {
			isa = PBXTargetDependency;
			target = 8650FF3A29B825E500DDACB3 /* AngryMamaDemands */;
			targetProxy = 8650FF5229B825E600DDACB3 /* PBXContainerItemProxy */;
		};
		8650FF5D29B825E600DDACB3 /* PBXTargetDependency */ = {
			isa = PBXTargetDependency;
			target = 8650FF3A29B825E500DDACB3 /* AngryMamaDemands */;
			targetProxy = 8650FF5C29B825E600DDACB3 /* PBXContainerItemProxy */;
		};
/* End PBXTargetDependency section */

/* Begin XCBuildConfiguration section */
		8650FF6329B825E600DDACB3 /* Debug */ = {
			isa = XCBuildConfiguration;
			buildSettings = {
				ALWAYS_SEARCH_USER_PATHS = NO;
				CLANG_ANALYZER_NONNULL = YES;
				CLANG_ANALYZER_NUMBER_OBJECT_CONVERSION = YES_AGGRESSIVE;
				CLANG_CXX_LANGUAGE_STANDARD = "gnu++20";
				CLANG_ENABLE_MODULES = YES;
				CLANG_ENABLE_OBJC_ARC = YES;
				CLANG_ENABLE_OBJC_WEAK = YES;
				CLANG_WARN_BLOCK_CAPTURE_AUTORELEASING = YES;
				CLANG_WARN_BOOL_CONVERSION = YES;
				CLANG_WARN_COMMA = YES;
				CLANG_WARN_CONSTANT_CONVERSION = YES;
				CLANG_WARN_DEPRECATED_OBJC_IMPLEMENTATIONS = YES;
				CLANG_WARN_DIRECT_OBJC_ISA_USAGE = YES_ERROR;
				CLANG_WARN_DOCUMENTATION_COMMENTS = YES;
				CLANG_WARN_EMPTY_BODY = YES;
				CLANG_WARN_ENUM_CONVERSION = YES;
				CLANG_WARN_INFINITE_RECURSION = YES;
				CLANG_WARN_INT_CONVERSION = YES;
				CLANG_WARN_NON_LITERAL_NULL_CONVERSION = YES;
				CLANG_WARN_OBJC_IMPLICIT_RETAIN_SELF = YES;
				CLANG_WARN_OBJC_LITERAL_CONVERSION = YES;
				CLANG_WARN_OBJC_ROOT_CLASS = YES_ERROR;
				CLANG_WARN_QUOTED_INCLUDE_IN_FRAMEWORK_HEADER = YES;
				CLANG_WARN_RANGE_LOOP_ANALYSIS = YES;
				CLANG_WARN_STRICT_PROTOTYPES = YES;
				CLANG_WARN_SUSPICIOUS_MOVE = YES;
				CLANG_WARN_UNGUARDED_AVAILABILITY = YES_AGGRESSIVE;
				CLANG_WARN_UNREACHABLE_CODE = YES;
				CLANG_WARN__DUPLICATE_METHOD_MATCH = YES;
				COPY_PHASE_STRIP = NO;
				DEBUG_INFORMATION_FORMAT = dwarf;
				ENABLE_STRICT_OBJC_MSGSEND = YES;
				ENABLE_TESTABILITY = YES;
				GCC_C_LANGUAGE_STANDARD = gnu11;
				GCC_DYNAMIC_NO_PIC = NO;
				GCC_NO_COMMON_BLOCKS = YES;
				GCC_OPTIMIZATION_LEVEL = 0;
				GCC_PREPROCESSOR_DEFINITIONS = (
					"DEBUG=1",
					"$(inherited)",
				);
				GCC_WARN_64_TO_32_BIT_CONVERSION = YES;
				GCC_WARN_ABOUT_RETURN_TYPE = YES_ERROR;
				GCC_WARN_UNDECLARED_SELECTOR = YES;
				GCC_WARN_UNINITIALIZED_AUTOS = YES_AGGRESSIVE;
				GCC_WARN_UNUSED_FUNCTION = YES;
				GCC_WARN_UNUSED_VARIABLE = YES;
				IPHONEOS_DEPLOYMENT_TARGET = 16.2;
				MTL_ENABLE_DEBUG_INFO = INCLUDE_SOURCE;
				MTL_FAST_MATH = YES;
				ONLY_ACTIVE_ARCH = YES;
				SDKROOT = iphoneos;
				SWIFT_ACTIVE_COMPILATION_CONDITIONS = DEBUG;
				SWIFT_OPTIMIZATION_LEVEL = "-Onone";
			};
			name = Debug;
		};
		8650FF6429B825E600DDACB3 /* Release */ = {
			isa = XCBuildConfiguration;
			buildSettings = {
				ALWAYS_SEARCH_USER_PATHS = NO;
				CLANG_ANALYZER_NONNULL = YES;
				CLANG_ANALYZER_NUMBER_OBJECT_CONVERSION = YES_AGGRESSIVE;
				CLANG_CXX_LANGUAGE_STANDARD = "gnu++20";
				CLANG_ENABLE_MODULES = YES;
				CLANG_ENABLE_OBJC_ARC = YES;
				CLANG_ENABLE_OBJC_WEAK = YES;
				CLANG_WARN_BLOCK_CAPTURE_AUTORELEASING = YES;
				CLANG_WARN_BOOL_CONVERSION = YES;
				CLANG_WARN_COMMA = YES;
				CLANG_WARN_CONSTANT_CONVERSION = YES;
				CLANG_WARN_DEPRECATED_OBJC_IMPLEMENTATIONS = YES;
				CLANG_WARN_DIRECT_OBJC_ISA_USAGE = YES_ERROR;
				CLANG_WARN_DOCUMENTATION_COMMENTS = YES;
				CLANG_WARN_EMPTY_BODY = YES;
				CLANG_WARN_ENUM_CONVERSION = YES;
				CLANG_WARN_INFINITE_RECURSION = YES;
				CLANG_WARN_INT_CONVERSION = YES;
				CLANG_WARN_NON_LITERAL_NULL_CONVERSION = YES;
				CLANG_WARN_OBJC_IMPLICIT_RETAIN_SELF = YES;
				CLANG_WARN_OBJC_LITERAL_CONVERSION = YES;
				CLANG_WARN_OBJC_ROOT_CLASS = YES_ERROR;
				CLANG_WARN_QUOTED_INCLUDE_IN_FRAMEWORK_HEADER = YES;
				CLANG_WARN_RANGE_LOOP_ANALYSIS = YES;
				CLANG_WARN_STRICT_PROTOTYPES = YES;
				CLANG_WARN_SUSPICIOUS_MOVE = YES;
				CLANG_WARN_UNGUARDED_AVAILABILITY = YES_AGGRESSIVE;
				CLANG_WARN_UNREACHABLE_CODE = YES;
				CLANG_WARN__DUPLICATE_METHOD_MATCH = YES;
				COPY_PHASE_STRIP = NO;
				DEBUG_INFORMATION_FORMAT = "dwarf-with-dsym";
				ENABLE_NS_ASSERTIONS = NO;
				ENABLE_STRICT_OBJC_MSGSEND = YES;
				GCC_C_LANGUAGE_STANDARD = gnu11;
				GCC_NO_COMMON_BLOCKS = YES;
				GCC_WARN_64_TO_32_BIT_CONVERSION = YES;
				GCC_WARN_ABOUT_RETURN_TYPE = YES_ERROR;
				GCC_WARN_UNDECLARED_SELECTOR = YES;
				GCC_WARN_UNINITIALIZED_AUTOS = YES_AGGRESSIVE;
				GCC_WARN_UNUSED_FUNCTION = YES;
				GCC_WARN_UNUSED_VARIABLE = YES;
				IPHONEOS_DEPLOYMENT_TARGET = 16.2;
				MTL_ENABLE_DEBUG_INFO = NO;
				MTL_FAST_MATH = YES;
				SDKROOT = iphoneos;
				SWIFT_COMPILATION_MODE = wholemodule;
				SWIFT_OPTIMIZATION_LEVEL = "-O";
				VALIDATE_PRODUCT = YES;
			};
			name = Release;
		};
		8650FF6629B825E600DDACB3 /* Debug */ = {
			isa = XCBuildConfiguration;
			buildSettings = {
				ASSETCATALOG_COMPILER_APPICON_NAME = AppIcon;
				ASSETCATALOG_COMPILER_GLOBAL_ACCENT_COLOR_NAME = AccentColor;
				CODE_SIGN_ENTITLEMENTS = AngryMamaDemands/AngryMamaDemands.entitlements;
				CODE_SIGN_STYLE = Automatic;
				CURRENT_PROJECT_VERSION = 1;
				DEVELOPMENT_ASSET_PATHS = "\"AngryMamaDemands/Preview Content\"";
				DEVELOPMENT_TEAM = F6K6BFNLSM;
				ENABLE_PREVIEWS = YES;
				GENERATE_INFOPLIST_FILE = YES;
				INFOPLIST_FILE = AngryMamaDemands/Info.plist;
				INFOPLIST_KEY_UIApplicationSceneManifest_Generation = YES;
				INFOPLIST_KEY_UIApplicationSupportsIndirectInputEvents = YES;
				INFOPLIST_KEY_UILaunchScreen_Generation = YES;
				INFOPLIST_KEY_UISupportedInterfaceOrientations_iPad = "UIInterfaceOrientationPortrait UIInterfaceOrientationPortraitUpsideDown UIInterfaceOrientationLandscapeLeft UIInterfaceOrientationLandscapeRight";
				INFOPLIST_KEY_UISupportedInterfaceOrientations_iPhone = "UIInterfaceOrientationPortrait UIInterfaceOrientationLandscapeLeft UIInterfaceOrientationLandscapeRight";
				LD_RUNPATH_SEARCH_PATHS = (
					"$(inherited)",
					"@executable_path/Frameworks",
				);
				MARKETING_VERSION = 1.0;
				PRODUCT_BUNDLE_IDENTIFIER = com.redDeveil.AngryMamaDemands;
				PRODUCT_NAME = "$(TARGET_NAME)";
				SWIFT_EMIT_LOC_STRINGS = YES;
				SWIFT_VERSION = 5.0;
				TARGETED_DEVICE_FAMILY = "1,2";
			};
			name = Debug;
		};
		8650FF6729B825E600DDACB3 /* Release */ = {
			isa = XCBuildConfiguration;
			buildSettings = {
				ASSETCATALOG_COMPILER_APPICON_NAME = AppIcon;
				ASSETCATALOG_COMPILER_GLOBAL_ACCENT_COLOR_NAME = AccentColor;
				CODE_SIGN_ENTITLEMENTS = AngryMamaDemands/AngryMamaDemands.entitlements;
				CODE_SIGN_STYLE = Automatic;
				CURRENT_PROJECT_VERSION = 1;
				DEVELOPMENT_ASSET_PATHS = "\"AngryMamaDemands/Preview Content\"";
				DEVELOPMENT_TEAM = F6K6BFNLSM;
				ENABLE_PREVIEWS = YES;
				GENERATE_INFOPLIST_FILE = YES;
				INFOPLIST_FILE = AngryMamaDemands/Info.plist;
				INFOPLIST_KEY_UIApplicationSceneManifest_Generation = YES;
				INFOPLIST_KEY_UIApplicationSupportsIndirectInputEvents = YES;
				INFOPLIST_KEY_UILaunchScreen_Generation = YES;
				INFOPLIST_KEY_UISupportedInterfaceOrientations_iPad = "UIInterfaceOrientationPortrait UIInterfaceOrientationPortraitUpsideDown UIInterfaceOrientationLandscapeLeft UIInterfaceOrientationLandscapeRight";
				INFOPLIST_KEY_UISupportedInterfaceOrientations_iPhone = "UIInterfaceOrientationPortrait UIInterfaceOrientationLandscapeLeft UIInterfaceOrientationLandscapeRight";
				LD_RUNPATH_SEARCH_PATHS = (
					"$(inherited)",
					"@executable_path/Frameworks",
				);
				MARKETING_VERSION = 1.0;
				PRODUCT_BUNDLE_IDENTIFIER = com.redDeveil.AngryMamaDemands;
				PRODUCT_NAME = "$(TARGET_NAME)";
				SWIFT_EMIT_LOC_STRINGS = YES;
				SWIFT_VERSION = 5.0;
				TARGETED_DEVICE_FAMILY = "1,2";
			};
			name = Release;
		};
		8650FF6929B825E600DDACB3 /* Debug */ = {
			isa = XCBuildConfiguration;
			buildSettings = {
				ALWAYS_EMBED_SWIFT_STANDARD_LIBRARIES = YES;
				BUNDLE_LOADER = "$(TEST_HOST)";
				CODE_SIGN_STYLE = Automatic;
				CURRENT_PROJECT_VERSION = 1;
				DEVELOPMENT_TEAM = F6K6BFNLSM;
				GENERATE_INFOPLIST_FILE = YES;
				IPHONEOS_DEPLOYMENT_TARGET = 16.2;
				MARKETING_VERSION = 1.0;
				PRODUCT_BUNDLE_IDENTIFIER = com.redDeveil.AngryMamaDemandsTests;
				PRODUCT_NAME = "$(TARGET_NAME)";
				SWIFT_EMIT_LOC_STRINGS = NO;
				SWIFT_VERSION = 5.0;
				TARGETED_DEVICE_FAMILY = "1,2";
				TEST_HOST = "$(BUILT_PRODUCTS_DIR)/AngryMamaDemands.app/$(BUNDLE_EXECUTABLE_FOLDER_PATH)/AngryMamaDemands";
			};
			name = Debug;
		};
		8650FF6A29B825E600DDACB3 /* Release */ = {
			isa = XCBuildConfiguration;
			buildSettings = {
				ALWAYS_EMBED_SWIFT_STANDARD_LIBRARIES = YES;
				BUNDLE_LOADER = "$(TEST_HOST)";
				CODE_SIGN_STYLE = Automatic;
				CURRENT_PROJECT_VERSION = 1;
				DEVELOPMENT_TEAM = F6K6BFNLSM;
				GENERATE_INFOPLIST_FILE = YES;
				IPHONEOS_DEPLOYMENT_TARGET = 16.2;
				MARKETING_VERSION = 1.0;
				PRODUCT_BUNDLE_IDENTIFIER = com.redDeveil.AngryMamaDemandsTests;
				PRODUCT_NAME = "$(TARGET_NAME)";
				SWIFT_EMIT_LOC_STRINGS = NO;
				SWIFT_VERSION = 5.0;
				TARGETED_DEVICE_FAMILY = "1,2";
				TEST_HOST = "$(BUILT_PRODUCTS_DIR)/AngryMamaDemands.app/$(BUNDLE_EXECUTABLE_FOLDER_PATH)/AngryMamaDemands";
			};
			name = Release;
		};
		8650FF6C29B825E600DDACB3 /* Debug */ = {
			isa = XCBuildConfiguration;
			buildSettings = {
				ALWAYS_EMBED_SWIFT_STANDARD_LIBRARIES = YES;
				CODE_SIGN_STYLE = Automatic;
				CURRENT_PROJECT_VERSION = 1;
				DEVELOPMENT_TEAM = F6K6BFNLSM;
				GENERATE_INFOPLIST_FILE = YES;
				MARKETING_VERSION = 1.0;
				PRODUCT_BUNDLE_IDENTIFIER = com.redDeveil.AngryMamaDemandsUITests;
				PRODUCT_NAME = "$(TARGET_NAME)";
				SWIFT_EMIT_LOC_STRINGS = NO;
				SWIFT_VERSION = 5.0;
				TARGETED_DEVICE_FAMILY = "1,2";
				TEST_TARGET_NAME = AngryMamaDemands;
			};
			name = Debug;
		};
		8650FF6D29B825E600DDACB3 /* Release */ = {
			isa = XCBuildConfiguration;
			buildSettings = {
				ALWAYS_EMBED_SWIFT_STANDARD_LIBRARIES = YES;
				CODE_SIGN_STYLE = Automatic;
				CURRENT_PROJECT_VERSION = 1;
				DEVELOPMENT_TEAM = F6K6BFNLSM;
				GENERATE_INFOPLIST_FILE = YES;
				MARKETING_VERSION = 1.0;
				PRODUCT_BUNDLE_IDENTIFIER = com.redDeveil.AngryMamaDemandsUITests;
				PRODUCT_NAME = "$(TARGET_NAME)";
				SWIFT_EMIT_LOC_STRINGS = NO;
				SWIFT_VERSION = 5.0;
				TARGETED_DEVICE_FAMILY = "1,2";
				TEST_TARGET_NAME = AngryMamaDemands;
			};
			name = Release;
		};
/* End XCBuildConfiguration section */

/* Begin XCConfigurationList section */
		8650FF3629B825E500DDACB3 /* Build configuration list for PBXProject "AngryMamaDemands" */ = {
			isa = XCConfigurationList;
			buildConfigurations = (
				8650FF6329B825E600DDACB3 /* Debug */,
				8650FF6429B825E600DDACB3 /* Release */,
			);
			defaultConfigurationIsVisible = 0;
			defaultConfigurationName = Release;
		};
		8650FF6529B825E600DDACB3 /* Build configuration list for PBXNativeTarget "AngryMamaDemands" */ = {
			isa = XCConfigurationList;
			buildConfigurations = (
				8650FF6629B825E600DDACB3 /* Debug */,
				8650FF6729B825E600DDACB3 /* Release */,
			);
			defaultConfigurationIsVisible = 0;
			defaultConfigurationName = Release;
		};
		8650FF6829B825E600DDACB3 /* Build configuration list for PBXNativeTarget "AngryMamaDemandsTests" */ = {
			isa = XCConfigurationList;
			buildConfigurations = (
				8650FF6929B825E600DDACB3 /* Debug */,
				8650FF6A29B825E600DDACB3 /* Release */,
			);
			defaultConfigurationIsVisible = 0;
			defaultConfigurationName = Release;
		};
		8650FF6B29B825E600DDACB3 /* Build configuration list for PBXNativeTarget "AngryMamaDemandsUITests" */ = {
			isa = XCConfigurationList;
			buildConfigurations = (
				8650FF6C29B825E600DDACB3 /* Debug */,
				8650FF6D29B825E600DDACB3 /* Release */,
			);
			defaultConfigurationIsVisible = 0;
			defaultConfigurationName = Release;
		};
/* End XCConfigurationList section */

/* Begin XCVersionGroup section */
		8650FF4929B825E600DDACB3 /* AngryMamaDemands.xcdatamodeld */ = {
			isa = XCVersionGroup;
			children = (
				8650FF4A29B825E600DDACB3 /* AngryMamaDemands.xcdatamodel */,
			);
			currentVersion = 8650FF4A29B825E600DDACB3 /* AngryMamaDemands.xcdatamodel */;
			path = AngryMamaDemands.xcdatamodeld;
			sourceTree = "<group>";
			versionGroupType = wrapper.xcdatamodel;
		};
/* End XCVersionGroup section */
	};
	rootObject = 8650FF3329B825E500DDACB3 /* Project object */;
}
